<?xml version="1.0" encoding="utf-8"?>
<Project ToolsVersion="4.0" xmlns="http://schemas.microsoft.com/developer/msbuild/2003">
  <ItemGroup>
    <Filter Include="Source Files">
      <UniqueIdentifier>{4FC737F1-C7A5-4376-A066-2A32D752A2FF}</UniqueIdentifier>
      <Extensions>cpp;c;cc;cxx;def;odl;idl;hpj;bat;asm;asmx</Extensions>
    </Filter>
    <Filter Include="Header Files">
      <UniqueIdentifier>{93995380-89BD-4b04-88EB-625FBE52EBFB}</UniqueIdentifier>
      <Extensions>h;hh;hpp;hxx;hm;inl;inc;ipp;xsd</Extensions>
    </Filter>
    <Filter Include="Resource Files">
      <UniqueIdentifier>{67DA6AB6-F800-4c08-8B7A-83BB121AAD01}</UniqueIdentifier>
      <Extensions>rc;ico;cur;bmp;dlg;rc2;rct;bin;rgs;gif;jpg;jpeg;jpe;resx;tiff;tif;png;wav;mfcribbon-ms</Extensions>
    </Filter>
    <Filter Include="Demo_Include">
      <UniqueIdentifier>{f11dd8ef-7b24-48fb-865c-d3e991d88ae9}</UniqueIdentifier>
    </Filter>
    <Filter Include="Demo_Source">
      <UniqueIdentifier>{b242f3d0-07ea-4569-a0ae-f3fe5cff66b1}</UniqueIdentifier>
    </Filter>
  </ItemGroup>
  <ItemGroup>
    <ClCompile Include="SampleInterfaces.cpp">
      <Filter>Demo_Source</Filter>
    </ClCompile>
    <ClCompile Include="PerfTimer.cpp">
      <Filter>Demo_Source</Filter>
    </ClCompile>
    <ClCompile Include="InputGeom.cpp">
      <Filter>Demo_Source</Filter>
    </ClCompile>
    <ClCompile Include="ChunkyTriMesh.cpp">
      <Filter>Demo_Source</Filter>
    </ClCompile>
    <ClCompile Include="MeshLoaderObj.cpp">
      <Filter>Demo_Source</Filter>
    </ClCompile>
    <ClCompile Include="Sample.cpp">
      <Filter>Demo_Source</Filter>
    </ClCompile>
    <ClCompile Include="Sample_Debug.cpp">
      <Filter>Demo_Source</Filter>
    </ClCompile>
    <ClCompile Include="Sample_SoloMesh.cpp">
      <Filter>Demo_Source</Filter>
    </ClCompile>
    <ClCompile Include="Sample_TempObstacles.cpp">
      <Filter>Demo_Source</Filter>
    </ClCompile>
    <ClCompile Include="Sample_TileMesh.cpp">
      <Filter>Demo_Source</Filter>
    </ClCompile>
    <ClCompile Include="Contrib\fastlz\fastlz.c">
      <Filter>Source Files</Filter>
    </ClCompile>
    <ClCompile Include="NavMeshTesterTool.cpp">
      <Filter>Demo_Source</Filter>
    </ClCompile>
    <ClCompile Include="NavMeshPruneTool.cpp">
      <Filter>Demo_Source</Filter>
    </ClCompile>
    <ClCompile Include="OffMeshConnectionTool.cpp">
      <Filter>Demo_Source</Filter>
    </ClCompile>
    <ClCompile Include="ConvexVolumeTool.cpp">
      <Filter>Demo_Source</Filter>
    </ClCompile>
    <ClCompile Include="CrowdTool.cpp">
      <Filter>Demo_Source</Filter>
    </ClCompile>
    <ClCompile Include="ValueHistory.cpp">
      <Filter>Demo_Source</Filter>
    </ClCompile>
    <ClCompile Include="Navmesh.cpp">
      <Filter>Source Files</Filter>
    </ClCompile>
    <ClCompile Include="PyRecastDetour.cpp">
      <Filter>Source Files</Filter>
    </ClCompile>
  </ItemGroup>
  <ItemGroup>
    <ClInclude Include="SampleInterfaces.h">
      <Filter>Demo_Include</Filter>
    </ClInclude>
    <ClInclude Include="PerfTimer.h">
      <Filter>Demo_Include</Filter>
    </ClInclude>
    <ClInclude Include="InputGeom.h">
      <Filter>Demo_Include</Filter>
    </ClInclude>
    <ClInclude Include="ChunkyTriMesh.h">
      <Filter>Demo_Include</Filter>
    </ClInclude>
    <ClInclude Include="MeshLoaderObj.h">
      <Filter>Demo_Include</Filter>
    </ClInclude>
    <ClInclude Include="Sample.h">
      <Filter>Demo_Include</Filter>
    </ClInclude>
    <ClInclude Include="Sample_SoloMesh.h">
      <Filter>Demo_Include</Filter>
    </ClInclude>
    <ClInclude Include="Sample_TempObstacles.h">
      <Filter>Demo_Include</Filter>
    </ClInclude>
    <ClInclude Include="Sample_TileMesh.h">
      <Filter>Demo_Include</Filter>
    </ClInclude>
    <ClInclude Include="Sample_Debug.h">
      <Filter>Demo_Include</Filter>
    </ClInclude>
    <ClInclude Include="NavMeshTesterTool.h">
      <Filter>Demo_Include</Filter>
    </ClInclude>
    <ClInclude Include="NavMeshPruneTool.h">
      <Filter>Demo_Include</Filter>
    </ClInclude>
    <ClInclude Include="OffMeshConnectionTool.h">
      <Filter>Demo_Include</Filter>
    </ClInclude>
    <ClInclude Include="ConvexVolumeTool.h">
      <Filter>Demo_Include</Filter>
    </ClInclude>
    <ClInclude Include="CrowdTool.h">
      <Filter>Demo_Include</Filter>
    </ClInclude>
    <ClInclude Include="ValueHistory.h">
      <Filter>Demo_Include</Filter>
    </ClInclude>
    <ClInclude Include="Contrib\fastlz\fastlz.h">
      <Filter>Header Files</Filter>
    </ClInclude>
    <ClInclude Include="Navmesh.h">
      <Filter>Source Files</Filter>
    </ClInclude>
  </ItemGroup>
</Project>